{
  "name": "feedback-api",
  "version": "1.0.0",
  "lockfileVersion": 2,
  "requires": true,
  "packages": {
    "": {
      "name": "feedback-api",
      "version": "1.0.0",
      "dependencies": {
        "multiparty": "4.2.3",
        "nodemailer": "6.9.1"
      }
    },
    "node_modules/nodemailer": {
      "version": "6.9.1",
      "resolved": "https://registry.npmjs.org/nodemailer/-/nodemailer-6.9.1.tgz",
      "integrity": "sha512-...",
      "engines": {
        "node": ">=6.0.0"
      }
    },
    "node_modules/multiparty": {
      "version": "4.2.3",
      "resolved": "https://registry.npmjs.org/multiparty/-/multiparty-4.2.3.tgz",
      "integrity": "sha512-...",
      "dependencies": {
        "fd-slicer": "~1.1.0"
      }
    }
  }
}